
Microsoft Visual Studio Solution File, Format Version 12.00
# Visual Studio 15
VisualStudioVersion = 15.0.28010.2050
MinimumVisualStudioVersion = 10.0.40219.1
Project("{8BC9CEB8-8B4A-11D0-8D11-00A0C91BC942}") = "AES", "AES\AES.vcxproj", "{AD8A16BB-18AB-46DA-BC21-C016320A03D4}"
EndProject
Global
	GlobalSection(SolutionConfigurationPlatforms) = preSolution
		Debug|x64 = Debug|x64
		Debug|x86 = Debug|x86
		Release|x64 = Release|x64
		Release|x86 = Release|x86
	EndGlobalSection
	GlobalSection(ProjectConfigurationPlatforms) = postSolution
		{AD8A16BB-18AB-46DA-BC21-C016320A03D4}.Debug|x64.ActiveCfg = Debug|x64
		{AD8A16BB-18AB-46DA-BC21-C016320A03D4}.Debug|x64.Build.0 = Debug|x64
		{AD8A16BB-18AB-46DA-BC21-C016320A03D4}.Debug|x86.ActiveCfg = Debug|Win32
		{AD8A16BB-18AB-46DA-BC21-C016320A03D4}.Debug|x86.Build.0 = Debug|Win32
		{AD8A16BB-18AB-46DA-BC21-C016320A03D4}.Release|x64.ActiveCfg = Release|x64
		{AD8A16BB-18AB-46DA-BC21-C016320A03D4}.Release|x64.Build.0 = Release|x64
		{AD8A16BB-18AB-46DA-BC21-C016320A03D4}.Release|x86.ActiveCfg = Release|Win32
		{AD8A16BB-18AB-46DA-BC21-C016320A03D4}.Release|x86.Build.0 = Release|Win32
	EndGlobalSection
	GlobalSection(SolutionProperties) = preSolution
		HideSolutionNode = FALSE
	EndGlobalSection
	GlobalSection(ExtensibilityGlobals) = postSolution
		SolutionGuid = {7021DBA9-B65E-43D2-A559-15272E2FC16B}
	EndGlobalSection
EndGlobal
